{
    "_readme": [
        "This file locks the dependencies of your project to a known state",
        "Read more about it at https://getcomposer.org/doc/01-basic-usage.md#installing-dependencies",
        "This file is @generated automatically"
    ],
    "content-hash": "82f4781a0e59bf19e0ef90df03627935",
    "packages": [
        {
            "name": "susanbuck/rock-paper-scissors",
            "version": "0.1.3",
            "source": {
                "type": "git",
                "url": "https://github.com/susanBuck/rock-paper-scissors.git",
                "reference": "4d199009f0d340309738b49415244651dc675376"
            },
            "dist": {
                "type": "zip",
                "url": "https://api.github.com/repos/susanBuck/rock-paper-scissors/zipball/4d199009f0d340309738b49415244651dc675376",
                "reference": "4d199009f0d340309738b49415244651dc675376",
                "shasum": ""
            },
            "type": "library",
            "autoload": {
                "psr-4": {
                    "RPS\\": "src/"
                }
            },
            "notification-url": "https://packagist.org/downloads/",
            "license": [
                "MIT"
            ],
            "authors": [
                {
                    "name": "Susan Buck",
                    "email": "susanbuck@fas.harvard.edu"
                }
            ],
            "description": "Rock Paper Scissors",
            "support": {
                "issues": "https://github.com/susanBuck/rock-paper-scissors/issues",
                "source": "https://github.com/susanBuck/rock-paper-scissors/tree/master"
            },
            "time": "2019-10-22T22:48:09+00:00"
        }
    ],
    "packages-dev": [],
    "aliases": [],
    "minimum-stability": "stable",
    "stability-flags": [],
    "prefer-stable": false,
    "prefer-lowest": false,
    "platform": [],
    "platform-dev": [],
    "plugin-api-version": "2.0.0"
}